<?xml version="1.0" encoding="utf-8"?>
<Project ToolsVersion="4.0" xmlns="http://schemas.microsoft.com/developer/msbuild/2003">
  <ItemGroup>
    <Filter Include="Source Files">
      <UniqueIdentifier>{4FC737F1-C7A5-4376-A066-2A32D752A2FF}</UniqueIdentifier>
      <Extensions>cpp;c;cc;cxx;def;odl;idl;hpj;bat;asm;asmx</Extensions>
    </Filter>
    <Filter Include="Resource Files">
      <UniqueIdentifier>{67DA6AB6-F800-4c08-8B7A-83BB121AAD01}</UniqueIdentifier>
      <Extensions>rc;ico;cur;bmp;dlg;rc2;rct;bin;rgs;gif;jpg;jpeg;jpe;resx;tiff;tif;png;wav;mfcribbon-ms</Extensions>
    </Filter>
    <Filter Include="Source Files\core">
      <UniqueIdentifier>{7609c762-a26a-4ba4-8655-4f3c52cafc00}</UniqueIdentifier>
    </Filter>
    <Filter Include="Source Files\OpenGL">
      <UniqueIdentifier>{6c1e77dd-00c7-4165-8c4a-1f0027b38a44}</UniqueIdentifier>
    </Filter>
    <Filter Include="Source Files\OpenGL\window">
      <UniqueIdentifier>{acfb86b6-9489-4947-b1df-1239a543164e}</UniqueIdentifier>
    </Filter>
    <Filter Include="Source Files\Vulkan">
      <UniqueIdentifier>{1fb5fec8-f6f7-4f12-8957-3e3a54778432}</UniqueIdentifier>
    </Filter>
    <Filter Include="Source Files\Vulkan\window">
      <UniqueIdentifier>{906bfa06-187c-4b85-85e5-71a86053efd5}</UniqueIdentifier>
    </Filter>
    <Filter Include="Source Files\Vulkan\vulkanObjects">
      <UniqueIdentifier>{47f05d98-3e42-42e1-b337-12529eba06ba}</UniqueIdentifier>
    </Filter>
    <Filter Include="Source Files\DirectX11">
      <UniqueIdentifier>{51f150d2-2229-4ef4-8f94-233d58199409}</UniqueIdentifier>
    </Filter>
    <Filter Include="Source Files\DirectX11\window">
      <UniqueIdentifier>{585757f6-3844-41b6-91a3-2383352bb772}</UniqueIdentifier>
    </Filter>
    <Filter Include="Source Files\DirectX12">
      <UniqueIdentifier>{0d3348be-266c-4359-89b7-9e7f467ea2a8}</UniqueIdentifier>
    </Filter>
    <Filter Include="Source Files\DirectX12\window">
      <UniqueIdentifier>{ffcd74f2-795a-4aa8-8e6c-f32886c7eae1}</UniqueIdentifier>
    </Filter>
    <Filter Include="Source Files\DirectX12\DirectX12Objects">
      <UniqueIdentifier>{094515d6-8aea-436c-b99f-2844eb4bd31a}</UniqueIdentifier>
    </Filter>
    <Filter Include="Source Files\GLFW">
      <UniqueIdentifier>{e7b3e5f0-4901-47b6-a5b6-bc9c440dd24d}</UniqueIdentifier>
    </Filter>
    <Filter Include="Source Files\DirectX">
      <UniqueIdentifier>{60648b54-7770-4716-8f1d-a53a935c424e}</UniqueIdentifier>
    </Filter>
    <Filter Include="Source Files\utils">
      <UniqueIdentifier>{ba401682-a5ab-4788-adf7-ba967b5b0934}</UniqueIdentifier>
    </Filter>
    <Filter Include="Header Files">
      <UniqueIdentifier>{93995380-89BD-4b04-88EB-625FBE52EBFB}</UniqueIdentifier>
      <Extensions>h;hh;hpp;hxx;hm;inl;inc;ipp;xsd</Extensions>
    </Filter>
    <Filter Include="Header Files\material">
      <UniqueIdentifier>{02612a02-0be4-45d8-8981-5255294e2c1e}</UniqueIdentifier>
    </Filter>
    <Filter Include="Header Files\texture">
      <UniqueIdentifier>{f75e5253-b300-456b-b2a9-15ac15a02319}</UniqueIdentifier>
    </Filter>
    <Filter Include="Header Files\window">
      <UniqueIdentifier>{1448d7b9-cd02-4747-b7b8-c24c3fada389}</UniqueIdentifier>
    </Filter>
    <Filter Include="Header Files\vertex">
      <UniqueIdentifier>{4dae2c00-af81-49a7-9350-e754e595cf78}</UniqueIdentifier>
    </Filter>
    <Filter Include="Header Files\input">
      <UniqueIdentifier>{d53b4a89-61f1-4aec-a3a7-c23dfd81f89a}</UniqueIdentifier>
    </Filter>
  </ItemGroup>
  <ItemGroup>
    <ClInclude Include="JumaRE\include\JumaRE\core.h">
      <Filter>Header Files</Filter>
    </ClInclude>
    <ClInclude Include="JumaRE\include\JumaRE\RenderAPI.h">
      <Filter>Header Files</Filter>
    </ClInclude>
    <ClInclude Include="JumaRE\include\JumaRE\RenderEngine.h">
      <Filter>Header Files</Filter>
    </ClInclude>
    <ClInclude Include="JumaRE\include\JumaRE\RenderEngineContextObject.h">
      <Filter>Header Files</Filter>
    </ClInclude>
    <ClInclude Include="JumaRE\include\JumaRE\RenderEngineImpl.h">
      <Filter>Header Files</Filter>
    </ClInclude>
    <ClInclude Include="JumaRE\include\JumaRE\RenderOptions.h">
      <Filter>Header Files</Filter>
    </ClInclude>
    <ClInclude Include="JumaRE\include\JumaRE\RenderPipeline.h">
      <Filter>Header Files</Filter>
    </ClInclude>
    <ClInclude Include="JumaRE\include\JumaRE\RenderTarget.h">
      <Filter>Header Files</Filter>
    </ClInclude>
    <ClInclude Include="JumaRE\include\JumaRE\window\window_id.h">
      <Filter>Header Files\window</Filter>
    </ClInclude>
    <ClInclude Include="JumaRE\include\JumaRE\vertex\VertexBuffer.h">
      <Filter>Header Files\vertex</Filter>
    </ClInclude>
    <ClInclude Include="JumaRE\include\JumaRE\vertex\VertexDescription.h">
      <Filter>Header Files\vertex</Filter>
    </ClInclude>
    <ClInclude Include="JumaRE\include\JumaRE\texture\Texture.h">
      <Filter>Header Files\texture</Filter>
    </ClInclude>
    <ClInclude Include="JumaRE\include\JumaRE\texture\TextureBase.h">
      <Filter>Header Files\texture</Filter>
    </ClInclude>
    <ClInclude Include="JumaRE\include\JumaRE\texture\TextureFormat.h">
      <Filter>Header Files\texture</Filter>
    </ClInclude>
    <ClInclude Include="JumaRE\include\JumaRE\texture\TextureSamplerType.h">
      <Filter>Header Files\texture</Filter>
    </ClInclude>
    <ClInclude Include="JumaRE\include\JumaRE\texture\TextureSamples.h">
      <Filter>Header Files\texture</Filter>
    </ClInclude>
    <ClInclude Include="JumaRE\include\JumaRE\material\Material.h">
      <Filter>Header Files\material</Filter>
    </ClInclude>
    <ClInclude Include="JumaRE\include\JumaRE\material\MaterialParamsStorage.h">
      <Filter>Header Files\material</Filter>
    </ClInclude>
    <ClInclude Include="JumaRE\include\JumaRE\material\Shader.h">
      <Filter>Header Files\material</Filter>
    </ClInclude>
    <ClInclude Include="JumaRE\include\JumaRE\material\ShaderUniform.h">
      <Filter>Header Files\material</Filter>
    </ClInclude>
    <ClInclude Include="JumaRE\include\JumaRE\material\ShaderUniformInfo.h">
      <Filter>Header Files\material</Filter>
    </ClInclude>
    <ClInclude Include="JumaRE\include\JumaRE\RenderEngineImpl_OpenGL.h">
      <Filter>Header Files</Filter>
    </ClInclude>
    <ClInclude Include="JumaRE\src\OpenGL\Material_OpenGL.h">
      <Filter>Source Files\OpenGL</Filter>
    </ClInclude>
    <ClInclude Include="JumaRE\src\OpenGL\RenderEngine_OpenGL.h">
      <Filter>Source Files\OpenGL</Filter>
    </ClInclude>
    <ClInclude Include="JumaRE\src\OpenGL\RenderTarget_OpenGL.h">
      <Filter>Source Files\OpenGL</Filter>
    </ClInclude>
    <ClInclude Include="JumaRE\src\OpenGL\Shader_OpenGL.h">
      <Filter>Source Files\OpenGL</Filter>
    </ClInclude>
    <ClInclude Include="JumaRE\src\OpenGL\Texture_OpenGL.h">
      <Filter>Source Files\OpenGL</Filter>
    </ClInclude>
    <ClInclude Include="JumaRE\src\OpenGL\TextureFormat_OpenGL.h">
      <Filter>Source Files\OpenGL</Filter>
    </ClInclude>
    <ClInclude Include="JumaRE\src\OpenGL\VertexBuffer_OpenGL.h">
      <Filter>Source Files\OpenGL</Filter>
    </ClInclude>
    <ClInclude Include="JumaRE\src\OpenGL\window\WindowControllerImpl_OpenGL.h">
      <Filter>Source Files\OpenGL\window</Filter>
    </ClInclude>
    <ClInclude Include="JumaRE\include\JumaRE\RenderEngineImpl_Vulkan.h">
      <Filter>Header Files</Filter>
    </ClInclude>
    <ClInclude Include="JumaRE\src\Vulkan\RenderEngine_Vulkan.h">
      <Filter>Source Files\Vulkan</Filter>
    </ClInclude>
    <ClInclude Include="JumaRE\src\Vulkan\Material_Vulkan.h">
      <Filter>Source Files\Vulkan</Filter>
    </ClInclude>
    <ClInclude Include="JumaRE\src\Vulkan\RenderOptions_Vulkan.h">
      <Filter>Source Files\Vulkan</Filter>
    </ClInclude>
    <ClInclude Include="JumaRE\src\Vulkan\RenderPipeline_Vulkan.h">
      <Filter>Source Files\Vulkan</Filter>
    </ClInclude>
    <ClInclude Include="JumaRE\src\Vulkan\RenderTarget_Vulkan.h">
      <Filter>Source Files\Vulkan</Filter>
    </ClInclude>
    <ClInclude Include="JumaRE\src\Vulkan\Shader_Vulkan.h">
      <Filter>Source Files\Vulkan</Filter>
    </ClInclude>
    <ClInclude Include="JumaRE\src\Vulkan\Texture_Vulkan.h">
      <Filter>Source Files\Vulkan</Filter>
    </ClInclude>
    <ClInclude Include="JumaRE\src\Vulkan\VertexBuffer_Vulkan.h">
      <Filter>Source Files\Vulkan</Filter>
    </ClInclude>
    <ClInclude Include="JumaRE\src\Vulkan\window\WindowControllerImpl_Vulkan.h">
      <Filter>Source Files\Vulkan\window</Filter>
    </ClInclude>
    <ClInclude Include="JumaRE\src\Vulkan\vulkanObjects\VulkanBuffer.h">
      <Filter>Source Files\Vulkan\vulkanObjects</Filter>
    </ClInclude>
    <ClInclude Include="JumaRE\src\Vulkan\vulkanObjects\VulkanCommandBuffer.h">
      <Filter>Source Files\Vulkan\vulkanObjects</Filter>
    </ClInclude>
    <ClInclude Include="JumaRE\src\Vulkan\vulkanObjects\VulkanCommandPool.h">
      <Filter>Source Files\Vulkan\vulkanObjects</Filter>
    </ClInclude>
    <ClInclude Include="JumaRE\src\Vulkan\vulkanObjects\VulkanFramebufferData.h">
      <Filter>Source Files\Vulkan\vulkanObjects</Filter>
    </ClInclude>
    <ClInclude Include="JumaRE\src\Vulkan\vulkanObjects\VulkanImage.h">
      <Filter>Source Files\Vulkan\vulkanObjects</Filter>
    </ClInclude>
    <ClInclude Include="JumaRE\src\Vulkan\vulkanObjects\VulkanQueueType.h">
      <Filter>Source Files\Vulkan\vulkanObjects</Filter>
    </ClInclude>
    <ClInclude Include="JumaRE\src\Vulkan\vulkanObjects\VulkanRenderPass.h">
      <Filter>Source Files\Vulkan\vulkanObjects</Filter>
    </ClInclude>
    <ClInclude Include="JumaRE\src\Vulkan\vulkanObjects\VulkanRenderPassDescription.h">
      <Filter>Source Files\Vulkan\vulkanObjects</Filter>
    </ClInclude>
    <ClInclude Include="JumaRE\src\Vulkan\vulkanObjects\VulkanSwapchain.h">
      <Filter>Source Files\Vulkan\vulkanObjects</Filter>
    </ClInclude>
    <ClInclude Include="JumaRE\src\Vulkan\TextureFormat_Vulkan.h">
      <Filter>Source Files\Vulkan</Filter>
    </ClInclude>
    <ClInclude Include="JumaRE\src\DirectX11\RenderEngine_DirectX11.h">
      <Filter>Source Files\DirectX11</Filter>
    </ClInclude>
    <ClInclude Include="JumaRE\src\DirectX11\Material_DirectX11.h">
      <Filter>Source Files\DirectX11</Filter>
    </ClInclude>
    <ClInclude Include="JumaRE\src\DirectX11\RenderTarget_DirectX11.h">
      <Filter>Source Files\DirectX11</Filter>
    </ClInclude>
    <ClInclude Include="JumaRE\src\DirectX11\Shader_DirectX11.h">
      <Filter>Source Files\DirectX11</Filter>
    </ClInclude>
    <ClInclude Include="JumaRE\src\DirectX11\Texture_DirectX11.h">
      <Filter>Source Files\DirectX11</Filter>
    </ClInclude>
    <ClInclude Include="JumaRE\src\DirectX11\VertexBuffer_DirectX11.h">
      <Filter>Source Files\DirectX11</Filter>
    </ClInclude>
    <ClInclude Include="JumaRE\src\DirectX11\window\WindowControllerImpl_DirectX11.h">
      <Filter>Source Files\DirectX11\window</Filter>
    </ClInclude>
    <ClInclude Include="JumaRE\include\JumaRE\RenderEngineImpl_DirectX11.h">
      <Filter>Header Files</Filter>
    </ClInclude>
    <ClInclude Include="JumaRE\src\DirectX12\RenderEngine_DirectX12.h">
      <Filter>Source Files\DirectX12</Filter>
    </ClInclude>
    <ClInclude Include="JumaRE\src\DirectX12\Material_DirectX12.h">
      <Filter>Source Files\DirectX12</Filter>
    </ClInclude>
    <ClInclude Include="JumaRE\src\DirectX12\RenderOptions_DirectX12.h">
      <Filter>Source Files\DirectX12</Filter>
    </ClInclude>
    <ClInclude Include="JumaRE\src\DirectX12\RenderPipeline_DirectX12.h">
      <Filter>Source Files\DirectX12</Filter>
    </ClInclude>
    <ClInclude Include="JumaRE\src\DirectX12\RenderTarget_DirectX12.h">
      <Filter>Source Files\DirectX12</Filter>
    </ClInclude>
    <ClInclude Include="JumaRE\src\DirectX12\Shader_DirectX12.h">
      <Filter>Source Files\DirectX12</Filter>
    </ClInclude>
    <ClInclude Include="JumaRE\src\DirectX12\Texture_DirectX12.h">
      <Filter>Source Files\DirectX12</Filter>
    </ClInclude>
    <ClInclude Include="JumaRE\src\DirectX12\VertexBuffer_DirectX12.h">
      <Filter>Source Files\DirectX12</Filter>
    </ClInclude>
    <ClInclude Include="JumaRE\src\DirectX12\D3D12MemAlloc.h">
      <Filter>Source Files\DirectX12</Filter>
    </ClInclude>
    <ClInclude Include="JumaRE\src\DirectX12\DirectX12Objects\DirectX12Buffer.h">
      <Filter>Source Files\DirectX12\DirectX12Objects</Filter>
    </ClInclude>
    <ClInclude Include="JumaRE\src\DirectX12\DirectX12Objects\DirectX12CommandList.h">
      <Filter>Source Files\DirectX12\DirectX12Objects</Filter>
    </ClInclude>
    <ClInclude Include="JumaRE\src\DirectX12\DirectX12Objects\DirectX12CommandQueue.h">
      <Filter>Source Files\DirectX12\DirectX12Objects</Filter>
    </ClInclude>
    <ClInclude Include="JumaRE\src\DirectX12\DirectX12Objects\DirectX12MipGenerator.h">
      <Filter>Source Files\DirectX12\DirectX12Objects</Filter>
    </ClInclude>
    <ClInclude Include="JumaRE\src\DirectX12\DirectX12Objects\DirectX12MipGeneratorTarget.h">
      <Filter>Source Files\DirectX12\DirectX12Objects</Filter>
    </ClInclude>
    <ClInclude Include="JumaRE\src\DirectX12\DirectX12Objects\DirectX12PipelineStateStreamObjects.h">
      <Filter>Source Files\DirectX12\DirectX12Objects</Filter>
    </ClInclude>
    <ClInclude Include="JumaRE\src\DirectX12\DirectX12Objects\DirectX12Swapchain.h">
      <Filter>Source Files\DirectX12\DirectX12Objects</Filter>
    </ClInclude>
    <ClInclude Include="JumaRE\src\DirectX12\DirectX12Objects\DirectX12Texture.h">
      <Filter>Source Files\DirectX12\DirectX12Objects</Filter>
    </ClInclude>
    <ClInclude Include="JumaRE\src\DirectX12\window\WindowControllerImpl_DirectX12.h">
      <Filter>Source Files\DirectX12\window</Filter>
    </ClInclude>
    <ClInclude Include="JumaRE\include\JumaRE\RenderEngineImpl_DirectX12.h">
      <Filter>Header Files</Filter>
    </ClInclude>
    <ClInclude Include="JumaRE\include\JumaRE\window\WindowMode.h">
      <Filter>Header Files\window</Filter>
    </ClInclude>
    <ClInclude Include="JumaRE\include\JumaRE\window\WindowController.h">
      <Filter>Header Files\window</Filter>
    </ClInclude>
    <ClInclude Include="JumaRE\src\OpenGL\window\WindowController_OpenGL.h">
      <Filter>Source Files\OpenGL\window</Filter>
    </ClInclude>
    <ClInclude Include="JumaRE\src\OpenGL\window\WindowController_OpenGL_GLFW.h">
      <Filter>Source Files\OpenGL\window</Filter>
    </ClInclude>
    <ClInclude Include="JumaRE\src\GLFW\WindowController_GLFW.h">
      <Filter>Source Files\GLFW</Filter>
    </ClInclude>
    <ClInclude Include="JumaRE\src\Vulkan\window\WindowController_Vulkan.h">
      <Filter>Source Files\Vulkan\window</Filter>
    </ClInclude>
    <ClInclude Include="JumaRE\src\Vulkan\window\WindowController_Vulkan_GLFW.h">
      <Filter>Source Files\Vulkan\window</Filter>
    </ClInclude>
    <ClInclude Include="JumaRE\src\DirectX11\window\WindowController_DirectX11.h">
      <Filter>Source Files\DirectX11\window</Filter>
    </ClInclude>
    <ClInclude Include="JumaRE\src\DirectX11\window\WindowController_DirectX11_GLFW.h">
      <Filter>Source Files\DirectX11\window</Filter>
    </ClInclude>
    <ClInclude Include="JumaRE\src\DirectX12\window\WindowController_DirectX12.h">
      <Filter>Source Files\DirectX12\window</Filter>
    </ClInclude>
    <ClInclude Include="JumaRE\src\DirectX12\window\WindowController_DirectX12_GLFW.h">
      <Filter>Source Files\DirectX12\window</Filter>
    </ClInclude>
    <ClInclude Include="JumaRE\src\DirectX\TextureFormat_DirectX.h">
      <Filter>Source Files\DirectX</Filter>
    </ClInclude>
    <ClInclude Include="JumaRE\src\DirectX\DirectXFunctions.h">
      <Filter>Source Files\DirectX</Filter>
    </ClInclude>
    <ClInclude Include="JumaRE\include\JumaRE\material\MaterialProperties.h">
      <Filter>Header Files\material</Filter>
    </ClInclude>
    <ClInclude Include="JumaRE\src\utils\RenderEngineObjectsPool.h">
      <Filter>Source Files\utils</Filter>
    </ClInclude>
    <ClInclude Include="JumaRE\include\JumaRE\RenderEngineAsset.h">
      <Filter>Header Files</Filter>
    </ClInclude>
    <ClInclude Include="JumaRE\include\JumaRE\input\InputButtons.h">
      <Filter>Header Files\input</Filter>
    </ClInclude>
    <ClInclude Include="JumaRE\include\JumaRE\input\InputData.h">
      <Filter>Header Files\input</Filter>
    </ClInclude>
    <ClInclude Include="JumaRE\include\JumaRE\vertex\VertexBufferData.h">
      <Filter>Header Files\vertex</Filter>
    </ClInclude>
  </ItemGroup>
  <ItemGroup>
    <ClCompile Include="JumaRE\src\core\Material.cpp">
      <Filter>Source Files\core</Filter>
    </ClCompile>
    <ClCompile Include="JumaRE\src\core\MaterialParamsStorage.cpp">
      <Filter>Source Files\core</Filter>
    </ClCompile>
    <ClCompile Include="JumaRE\src\core\RenderEngine.cpp">
      <Filter>Source Files\core</Filter>
    </ClCompile>
    <ClCompile Include="JumaRE\src\core\RenderPipeline.cpp">
      <Filter>Source Files\core</Filter>
    </ClCompile>
    <ClCompile Include="JumaRE\src\core\RenderTarget.cpp">
      <Filter>Source Files\core</Filter>
    </ClCompile>
    <ClCompile Include="JumaRE\src\core\Shader.cpp">
      <Filter>Source Files\core</Filter>
    </ClCompile>
    <ClCompile Include="JumaRE\src\core\Texture.cpp">
      <Filter>Source Files\core</Filter>
    </ClCompile>
    <ClCompile Include="JumaRE\src\core\VertexBuffer.cpp">
      <Filter>Source Files\core</Filter>
    </ClCompile>
    <ClCompile Include="JumaRE\src\OpenGL\RenderEngineImpl_OpenGL.cpp">
      <Filter>Source Files\OpenGL</Filter>
    </ClCompile>
    <ClCompile Include="JumaRE\src\OpenGL\Material_OpenGL.cpp">
      <Filter>Source Files\OpenGL</Filter>
    </ClCompile>
    <ClCompile Include="JumaRE\src\OpenGL\RenderEngine_OpenGL.cpp">
      <Filter>Source Files\OpenGL</Filter>
    </ClCompile>
    <ClCompile Include="JumaRE\src\OpenGL\RenderTarget_OpenGL.cpp">
      <Filter>Source Files\OpenGL</Filter>
    </ClCompile>
    <ClCompile Include="JumaRE\src\OpenGL\Shader_OpenGL.cpp">
      <Filter>Source Files\OpenGL</Filter>
    </ClCompile>
    <ClCompile Include="JumaRE\src\OpenGL\Texture_OpenGL.cpp">
      <Filter>Source Files\OpenGL</Filter>
    </ClCompile>
    <ClCompile Include="JumaRE\src\OpenGL\VertexBuffer_OpenGL.cpp">
      <Filter>Source Files\OpenGL</Filter>
    </ClCompile>
    <ClCompile Include="JumaRE\src\OpenGL\window\WindowControllerImpl_OpenGL.cpp">
      <Filter>Source Files\OpenGL\window</Filter>
    </ClCompile>
    <ClCompile Include="JumaRE\src\Vulkan\RenderEngineImpl_Vulkan.cpp">
      <Filter>Source Files\Vulkan</Filter>
    </ClCompile>
    <ClCompile Include="JumaRE\src\Vulkan\RenderEngine_Vulkan.cpp">
      <Filter>Source Files\Vulkan</Filter>
    </ClCompile>
    <ClCompile Include="JumaRE\src\Vulkan\Material_Vulkan.cpp">
      <Filter>Source Files\Vulkan</Filter>
    </ClCompile>
    <ClCompile Include="JumaRE\src\Vulkan\RenderPipeline_Vulkan.cpp">
      <Filter>Source Files\Vulkan</Filter>
    </ClCompile>
    <ClCompile Include="JumaRE\src\Vulkan\RenderTarget_Vulkan.cpp">
      <Filter>Source Files\Vulkan</Filter>
    </ClCompile>
    <ClCompile Include="JumaRE\src\Vulkan\Shader_Vulkan.cpp">
      <Filter>Source Files\Vulkan</Filter>
    </ClCompile>
    <ClCompile Include="JumaRE\src\Vulkan\Texture_Vulkan.cpp">
      <Filter>Source Files\Vulkan</Filter>
    </ClCompile>
    <ClCompile Include="JumaRE\src\Vulkan\VertexBuffer_Vulkan.cpp">
      <Filter>Source Files\Vulkan</Filter>
    </ClCompile>
    <ClCompile Include="JumaRE\src\Vulkan\window\WindowControllerImpl_Vulkan.cpp">
      <Filter>Source Files\Vulkan\window</Filter>
    </ClCompile>
    <ClCompile Include="JumaRE\src\Vulkan\vulkanObjects\VulkanBuffer.cpp">
      <Filter>Source Files\Vulkan\vulkanObjects</Filter>
    </ClCompile>
    <ClCompile Include="JumaRE\src\Vulkan\vulkanObjects\VulkanCommandBuffer.cpp">
      <Filter>Source Files\Vulkan\vulkanObjects</Filter>
    </ClCompile>
    <ClCompile Include="JumaRE\src\Vulkan\vulkanObjects\VulkanCommandPool.cpp">
      <Filter>Source Files\Vulkan\vulkanObjects</Filter>
    </ClCompile>
    <ClCompile Include="JumaRE\src\Vulkan\vulkanObjects\VulkanImage.cpp">
      <Filter>Source Files\Vulkan\vulkanObjects</Filter>
    </ClCompile>
    <ClCompile Include="JumaRE\src\Vulkan\vulkanObjects\VulkanRenderPass.cpp">
      <Filter>Source Files\Vulkan\vulkanObjects</Filter>
    </ClCompile>
    <ClCompile Include="JumaRE\src\Vulkan\vulkanObjects\VulkanSwapchain.cpp">
      <Filter>Source Files\Vulkan\vulkanObjects</Filter>
    </ClCompile>
    <ClCompile Include="JumaRE\src\DirectX11\RenderEngine_DirectX11.cpp">
      <Filter>Source Files\DirectX11</Filter>
    </ClCompile>
    <ClCompile Include="JumaRE\src\DirectX11\Material_DirectX11.cpp">
      <Filter>Source Files\DirectX11</Filter>
    </ClCompile>
    <ClCompile Include="JumaRE\src\DirectX11\RenderTarget_DirectX11.cpp">
      <Filter>Source Files\DirectX11</Filter>
    </ClCompile>
    <ClCompile Include="JumaRE\src\DirectX11\Shader_DirectX11.cpp">
      <Filter>Source Files\DirectX11</Filter>
    </ClCompile>
    <ClCompile Include="JumaRE\src\DirectX11\Texture_DirectX11.cpp">
      <Filter>Source Files\DirectX11</Filter>
    </ClCompile>
    <ClCompile Include="JumaRE\src\DirectX11\VertexBuffer_DirectX11.cpp">
      <Filter>Source Files\DirectX11</Filter>
    </ClCompile>
    <ClCompile Include="JumaRE\src\DirectX11\window\WindowControllerImpl_DirectX11.cpp">
      <Filter>Source Files\DirectX11\window</Filter>
    </ClCompile>
    <ClCompile Include="JumaRE\src\DirectX11\RenderEngineImpl_DirectX11.cpp">
      <Filter>Source Files\DirectX11</Filter>
    </ClCompile>
    <ClCompile Include="JumaRE\src\DirectX12\RenderEngine_DirectX12.cpp">
      <Filter>Source Files\DirectX12</Filter>
    </ClCompile>
    <ClCompile Include="JumaRE\src\DirectX12\Material_DirectX12.cpp">
      <Filter>Source Files\DirectX12</Filter>
    </ClCompile>
    <ClCompile Include="JumaRE\src\DirectX12\RenderPipeline_DirectX12.cpp">
      <Filter>Source Files\DirectX12</Filter>
    </ClCompile>
    <ClCompile Include="JumaRE\src\DirectX12\RenderTarget_DirectX12.cpp">
      <Filter>Source Files\DirectX12</Filter>
    </ClCompile>
    <ClCompile Include="JumaRE\src\DirectX12\Shader_DirectX12.cpp">
      <Filter>Source Files\DirectX12</Filter>
    </ClCompile>
    <ClCompile Include="JumaRE\src\DirectX12\Texture_DirectX12.cpp">
      <Filter>Source Files\DirectX12</Filter>
    </ClCompile>
    <ClCompile Include="JumaRE\src\DirectX12\VertexBuffer_DirectX12.cpp">
      <Filter>Source Files\DirectX12</Filter>
    </ClCompile>
    <ClCompile Include="JumaRE\src\DirectX12\D3D12MemAlloc.cpp">
      <Filter>Source Files\DirectX12</Filter>
    </ClCompile>
    <ClCompile Include="JumaRE\src\DirectX12\DirectX12Objects\DirectX12Buffer.cpp">
      <Filter>Source Files\DirectX12\DirectX12Objects</Filter>
    </ClCompile>
    <ClCompile Include="JumaRE\src\DirectX12\DirectX12Objects\DirectX12CommandList.cpp">
      <Filter>Source Files\DirectX12\DirectX12Objects</Filter>
    </ClCompile>
    <ClCompile Include="JumaRE\src\DirectX12\DirectX12Objects\DirectX12CommandQueue.cpp">
      <Filter>Source Files\DirectX12\DirectX12Objects</Filter>
    </ClCompile>
    <ClCompile Include="JumaRE\src\DirectX12\DirectX12Objects\DirectX12MipGenerator.cpp">
      <Filter>Source Files\DirectX12\DirectX12Objects</Filter>
    </ClCompile>
    <ClCompile Include="JumaRE\src\DirectX12\DirectX12Objects\DirectX12MipGeneratorTarget.cpp">
      <Filter>Source Files\DirectX12\DirectX12Objects</Filter>
    </ClCompile>
    <ClCompile Include="JumaRE\src\DirectX12\DirectX12Objects\DirectX12Swapchain.cpp">
      <Filter>Source Files\DirectX12\DirectX12Objects</Filter>
    </ClCompile>
    <ClCompile Include="JumaRE\src\DirectX12\DirectX12Objects\DirectX12Texture.cpp">
      <Filter>Source Files\DirectX12\DirectX12Objects</Filter>
    </ClCompile>
    <ClCompile Include="JumaRE\src\DirectX12\window\WindowControllerImpl_DirectX12.cpp">
      <Filter>Source Files\DirectX12\window</Filter>
    </ClCompile>
    <ClCompile Include="JumaRE\src\DirectX12\RenderEngineImpl_DirectX12.cpp">
      <Filter>Source Files\DirectX12</Filter>
    </ClCompile>
    <ClCompile Include="JumaRE\src\core\WindowController.cpp">
      <Filter>Source Files\core</Filter>
    </ClCompile>
    <ClCompile Include="JumaRE\src\OpenGL\window\WindowController_OpenGL.cpp">
      <Filter>Source Files\OpenGL\window</Filter>
    </ClCompile>
    <ClCompile Include="JumaRE\src\OpenGL\window\WindowController_OpenGL_GLFW.cpp">
      <Filter>Source Files\OpenGL\window</Filter>
    </ClCompile>
    <ClCompile Include="JumaRE\src\Vulkan\window\WindowController_Vulkan.cpp">
      <Filter>Source Files\Vulkan\window</Filter>
    </ClCompile>
    <ClCompile Include="JumaRE\src\Vulkan\window\WindowController_Vulkan_GLFW.cpp">
      <Filter>Source Files\Vulkan\window</Filter>
    </ClCompile>
    <ClCompile Include="JumaRE\src\DirectX11\window\WindowController_DirectX11.cpp">
      <Filter>Source Files\DirectX11\window</Filter>
    </ClCompile>
    <ClCompile Include="JumaRE\src\DirectX11\window\WindowController_DirectX11_GLFW.cpp">
      <Filter>Source Files\DirectX11\window</Filter>
    </ClCompile>
    <ClCompile Include="JumaRE\src\DirectX12\window\WindowController_DirectX12.cpp">
      <Filter>Source Files\DirectX12\window</Filter>
    </ClCompile>
    <ClCompile Include="JumaRE\src\DirectX12\window\WindowController_DirectX12_GLFW.cpp">
      <Filter>Source Files\DirectX12\window</Filter>
    </ClCompile>
    <ClCompile Include="JumaRE\src\DirectX\DirectXFunctions.cpp">
      <Filter>Source Files\DirectX</Filter>
    </ClCompile>
    <ClCompile Include="JumaRE\src\core\InputData.cpp">
      <Filter>Source Files\core</Filter>
    </ClCompile>
  </ItemGroup>
  <ItemGroup>
    <FxCompile Include="JumaRE\src\DirectX12\DirectX12Objects\MipGeneratorComputeShader.hlsl">
      <Filter>Source Files\DirectX12\DirectX12Objects</Filter>
    </FxCompile>
  </ItemGroup>
</Project>