<?xml version="1.0" encoding="utf-8"?>
<Project ToolsVersion="4.0" xmlns="http://schemas.microsoft.com/developer/msbuild/2003">
  <ItemGroup>
    <Filter Include="Source Files">
      <UniqueIdentifier>{4FC737F1-C7A5-4376-A066-2A32D752A2FF}</UniqueIdentifier>
      <Extensions>cpp;c;cc;cxx;def;odl;idl;hpj;bat;asm;asmx</Extensions>
    </Filter>
    <Filter Include="Resource Files">
      <UniqueIdentifier>{67DA6AB6-F800-4c08-8B7A-83BB121AAD01}</UniqueIdentifier>
      <Extensions>rc;ico;cur;bmp;dlg;rc2;rct;bin;rgs;gif;jpg;jpeg;jpe;resx;tiff;tif;png;wav;mfcribbon-ms</Extensions>
    </Filter>
    <Filter Include="Header Files">
      <UniqueIdentifier>{93995380-89BD-4b04-88EB-625FBE52EBFB}</UniqueIdentifier>
      <Extensions>h;hh;hpp;hxx;hm;inl;inc;ipp;xsd</Extensions>
    </Filter>
    <Filter Include="Header Files\subsystems">
      <UniqueIdentifier>{81b03193-da42-4274-adb9-3fef538e7caa}</UniqueIdentifier>
    </Filter>
    <Filter Include="Source Files\subsystems">
      <UniqueIdentifier>{5179d188-8070-4804-b78a-d4d54a400464}</UniqueIdentifier>
    </Filter>
    <Filter Include="Header Files\subsystems\textures">
      <UniqueIdentifier>{9a050bfb-0c3f-465f-866e-e2b81c2c6e1c}</UniqueIdentifier>
    </Filter>
    <Filter Include="Source Files\subsystems\textures">
      <UniqueIdentifier>{b7f6ba43-a207-4f6c-ad4c-241aeb78608e}</UniqueIdentifier>
    </Filter>
    <Filter Include="Source Files\subsystems\shaders">
      <UniqueIdentifier>{c9439b61-fb0f-497a-a3b6-58676beba688}</UniqueIdentifier>
    </Filter>
    <Filter Include="Header Files\subsystems\shaders">
      <UniqueIdentifier>{fb8fcfa9-827e-44dc-ada8-e9dfb4c4d46f}</UniqueIdentifier>
    </Filter>
    <Filter Include="Header Files\subsystems\meshes">
      <UniqueIdentifier>{b7b90024-2404-4e27-b959-cfafa7fdea62}</UniqueIdentifier>
    </Filter>
    <Filter Include="Source Files\subsystems\meshes">
      <UniqueIdentifier>{38f82787-5bd5-43cf-850e-193441e24fd7}</UniqueIdentifier>
    </Filter>
    <Filter Include="Header Files\subsystems\ui">
      <UniqueIdentifier>{6f8f12b0-d463-4345-b1c3-b9c167bb7898}</UniqueIdentifier>
    </Filter>
    <Filter Include="Source Files\subsystems\ui">
      <UniqueIdentifier>{c964a612-334b-4b78-be8f-1ae92a9889ec}</UniqueIdentifier>
    </Filter>
  </ItemGroup>
  <ItemGroup>
    <ClCompile Include="JumaEngine\src\GameEngine.cpp">
      <Filter>Source Files</Filter>
    </ClCompile>
    <ClCompile Include="JumaEngine\src\Engine.cpp">
      <Filter>Source Files</Filter>
    </ClCompile>
    <ClCompile Include="JumaEngine\src\GameInstance.cpp">
      <Filter>Source Files</Filter>
    </ClCompile>
    <ClCompile Include="JumaEngine\src\subsystems\shaders\ShadersSubsystem.cpp">
      <Filter>Source Files\subsystems\shaders</Filter>
    </ClCompile>
    <ClCompile Include="JumaEngine\src\subsystems\shaders\Material.cpp">
      <Filter>Source Files\subsystems\shaders</Filter>
    </ClCompile>
    <ClCompile Include="JumaEngine\src\subsystems\shaders\Shader.cpp">
      <Filter>Source Files\subsystems\shaders</Filter>
    </ClCompile>
    <ClCompile Include="JumaEngine\src\subsystems\textures\TexturesSubsystem.cpp">
      <Filter>Source Files\subsystems\textures</Filter>
    </ClCompile>
    <ClCompile Include="JumaEngine\src\subsystems\textures\Texture.cpp">
      <Filter>Source Files\subsystems\textures</Filter>
    </ClCompile>
    <ClCompile Include="JumaEngine\src\subsystems\meshes\MeshesSubsystem.cpp">
      <Filter>Source Files\subsystems\meshes</Filter>
    </ClCompile>
    <ClCompile Include="JumaEngine\src\subsystems\meshes\Mesh.cpp">
      <Filter>Source Files\subsystems\meshes</Filter>
    </ClCompile>
    <ClCompile Include="JumaEngine\src\subsystems\ui\UISubsystem.cpp">
      <Filter>Source Files\subsystems\ui</Filter>
    </ClCompile>
    <ClCompile Include="JumaEngine\src\subsystems\ui\Widget.cpp">
      <Filter>Source Files\subsystems\ui</Filter>
    </ClCompile>
    <ClCompile Include="JumaEngine\src\subsystems\ui\WidgetContainer.cpp">
      <Filter>Source Files\subsystems\ui</Filter>
    </ClCompile>
    <ClCompile Include="JumaEngine\src\subsystems\ui\TestWidget.cpp">
      <Filter>Source Files\subsystems\ui</Filter>
    </ClCompile>
    <ClCompile Include="JumaEngine\src\ILogicObjectOwner.cpp">
      <Filter>Source Files</Filter>
    </ClCompile>
    <ClCompile Include="JumaEngine\src\LogicObject.cpp">
      <Filter>Source Files</Filter>
    </ClCompile>
    <ClCompile Include="JumaEngine\src\subsystems\ui\OverlayWidget.cpp">
      <Filter>Source Files\subsystems\ui</Filter>
    </ClCompile>
  </ItemGroup>
  <ItemGroup>
    <ClInclude Include="JumaEngine\include\JumaEngine\core.h">
      <Filter>Header Files</Filter>
    </ClInclude>
    <ClInclude Include="JumaEngine\include\JumaEngine\GameEngine.h">
      <Filter>Header Files</Filter>
    </ClInclude>
    <ClInclude Include="JumaEngine\include\JumaEngine\EngineContextObject.h">
      <Filter>Header Files</Filter>
    </ClInclude>
    <ClInclude Include="JumaEngine\include\JumaEngine\Engine.h">
      <Filter>Header Files</Filter>
    </ClInclude>
    <ClInclude Include="JumaEngine\include\JumaEngine\GameInstance.h">
      <Filter>Header Files</Filter>
    </ClInclude>
    <ClInclude Include="JumaEngine\include\JumaEngine\EngineClass.h">
      <Filter>Header Files</Filter>
    </ClInclude>
    <ClInclude Include="JumaEngine\include\JumaEngine\subsystems\EngineSubsystem.h">
      <Filter>Header Files\subsystems</Filter>
    </ClInclude>
    <ClInclude Include="JumaEngine\include\JumaEngine\subsystems\shaders\ShadersSubsystem.h">
      <Filter>Header Files\subsystems\shaders</Filter>
    </ClInclude>
    <ClInclude Include="JumaEngine\include\JumaEngine\subsystems\shaders\Shader.h">
      <Filter>Header Files\subsystems\shaders</Filter>
    </ClInclude>
    <ClInclude Include="JumaEngine\include\JumaEngine\subsystems\shaders\Material.h">
      <Filter>Header Files\subsystems\shaders</Filter>
    </ClInclude>
    <ClInclude Include="JumaEngine\include\JumaEngine\subsystems\textures\TexturesSubsystem.h">
      <Filter>Header Files\subsystems\textures</Filter>
    </ClInclude>
    <ClInclude Include="JumaEngine\include\JumaEngine\subsystems\textures\Texture.h">
      <Filter>Header Files\subsystems\textures</Filter>
    </ClInclude>
    <ClInclude Include="JumaEngine\include\JumaEngine\subsystems\meshes\MeshesSubsystem.h">
      <Filter>Header Files\subsystems\meshes</Filter>
    </ClInclude>
    <ClInclude Include="JumaEngine\include\JumaEngine\subsystems\meshes\Mesh.h">
      <Filter>Header Files\subsystems\meshes</Filter>
    </ClInclude>
    <ClInclude Include="JumaEngine\include\JumaEngine\subsystems\meshes\VertexBuffer.h">
      <Filter>Header Files\subsystems\meshes</Filter>
    </ClInclude>
    <ClInclude Include="JumaEngine\include\JumaEngine\subsystems\meshes\VertexComponent.h">
      <Filter>Header Files\subsystems\meshes</Filter>
    </ClInclude>
    <ClInclude Include="JumaEngine\include\JumaEngine\subsystems\ui\UISubsystem.h">
      <Filter>Header Files\subsystems\ui</Filter>
    </ClInclude>
    <ClInclude Include="JumaEngine\include\JumaEngine\subsystems\ui\Widget.h">
      <Filter>Header Files\subsystems\ui</Filter>
    </ClInclude>
    <ClInclude Include="JumaEngine\include\JumaEngine\subsystems\ui\WidgetContainer.h">
      <Filter>Header Files\subsystems\ui</Filter>
    </ClInclude>
    <ClInclude Include="JumaEngine\include\JumaEngine\LogicObject.h">
      <Filter>Header Files</Filter>
    </ClInclude>
    <ClInclude Include="JumaEngine\include\JumaEngine\subsystems\ui\TestWidget.h">
      <Filter>Header Files\subsystems\ui</Filter>
    </ClInclude>
    <ClInclude Include="JumaEngine\include\JumaEngine\ILogicObjectOwner.h">
      <Filter>Header Files</Filter>
    </ClInclude>
    <ClInclude Include="JumaEngine\include\JumaEngine\subsystems\ui\OverlayWidget.h">
      <Filter>Header Files\subsystems\ui</Filter>
    </ClInclude>
  </ItemGroup>
</Project>